
Microsoft Visual Studio Solution File, Format Version 12.00
# Visual Studio Version 16
VisualStudioVersion = 16.0.31005.135
MinimumVisualStudioVersion = 10.0.40219.1
Project("{FAE04EC0-301F-11D3-BF4B-00C04F79EFBC}") = "Birb of Wisdom", "Birb of Wisdom.csproj", "{8E36454E-753B-4595-93D3-7FCC03BAF264}"
EndProject
Global
	GlobalSection(SolutionConfigurationPlatforms) = preSolution
		Debug|Any CPU = Debug|Any CPU
		Release|Any CPU = Release|Any CPU
	EndGlobalSection
	GlobalSection(ProjectConfigurationPlatforms) = postSolution
		{8E36454E-753B-4595-93D3-7FCC03BAF264}.Debug|Any CPU.ActiveCfg = Debug|Any CPU
		{8E36454E-753B-4595-93D3-7FCC03BAF264}.Debug|Any CPU.Build.0 = Debug|Any CPU
		{8E36454E-753B-4595-93D3-7FCC03BAF264}.Release|Any CPU.ActiveCfg = Release|Any CPU
		{8E36454E-753B-4595-93D3-7FCC03BAF264}.Release|Any CPU.Build.0 = Release|Any CPU
	EndGlobalSection
	GlobalSection(SolutionProperties) = preSolution
		HideSolutionNode = FALSE
	EndGlobalSection
	GlobalSection(ExtensibilityGlobals) = postSolution
		SolutionGuid = {17037E62-7085-4E50-8B30-0FC924561761}
	EndGlobalSection
EndGlobal
